
Microsoft Visual Studio Solution File, Format Version 11.00
# Visual C# Express 2010
Project("{FAE04EC0-301F-11D3-BF4B-00C04F79EFBC}") = "Hopfild", "Hopfild\Hopfild.csproj", "{32403786-ECD5-4F2A-A1F9-CC9104BCC3C9}"
EndProject
Global
	GlobalSection(SolutionConfigurationPlatforms) = preSolution
		Debug|x86 = Debug|x86
		Release|x86 = Release|x86
	EndGlobalSection
	GlobalSection(ProjectConfigurationPlatforms) = postSolution
		{32403786-ECD5-4F2A-A1F9-CC9104BCC3C9}.Debug|x86.ActiveCfg = Debug|x86
		{32403786-ECD5-4F2A-A1F9-CC9104BCC3C9}.Debug|x86.Build.0 = Debug|x86
		{32403786-ECD5-4F2A-A1F9-CC9104BCC3C9}.Release|x86.ActiveCfg = Release|x86
		{32403786-ECD5-4F2A-A1F9-CC9104BCC3C9}.Release|x86.Build.0 = Release|x86
	EndGlobalSection
	GlobalSection(SolutionProperties) = preSolution
		HideSolutionNode = FALSE
	EndGlobalSection
EndGlobal
